
Microsoft Visual Studio Solution File, Format Version 12.00
# Visual Studio Version 17
VisualStudioVersion = 17.0.31903.59
MinimumVisualStudioVersion = 10.0.40219.1
Project("{2150E333-8FDC-42A3-9474-1A3956D46DE8}") = "src", "src", "{827E0CD3-B72D-47B6-A68D-7590B98EB39B}"
EndProject
Project("{2150E333-8FDC-42A3-9474-1A3956D46DE8}") = "Core", "Core", "{8D626EA8-CB54-BC41-363A-217881BEBA6E}"
EndProject
Project("{FAE04EC0-301F-11D3-BF4B-00C04F79EFBC}") = "OrbitaAI.Core", "src\Core\OrbitaAI.Core.csproj", "{99102B32-915F-4332-9C16-4608B873D882}"
EndProject
Project("{2150E333-8FDC-42A3-9474-1A3956D46DE8}") = "Modules", "Modules", "{EC447DCF-ABFA-6E24-52A5-D7FD48A5C558}"
EndProject
Project("{2150E333-8FDC-42A3-9474-1A3956D46DE8}") = "Administration", "Administration", "{CBFC7D09-D20A-3BD9-57E9-57A87E6AFCC2}"
EndProject
Project("{FAE04EC0-301F-11D3-BF4B-00C04F79EFBC}") = "OrbitaAI.Modules.Administration", "src\Modules\Administration\OrbitaAI.Modules.Administration.csproj", "{8ED33F9C-133F-4798-B1EA-241B02E369D9}"
EndProject
Project("{2150E333-8FDC-42A3-9474-1A3956D46DE8}") = "Security", "Security", "{282EE0EF-0719-FA39-321C-A995029F2B89}"
EndProject
Project("{FAE04EC0-301F-11D3-BF4B-00C04F79EFBC}") = "OrbitaAI.Modules.Security", "src\Modules\Security\OrbitaAI.Modules.Security.csproj", "{F62857C1-BB2D-40EB-8EE0-83EFACD7B90A}"
EndProject
Project("{2150E333-8FDC-42A3-9474-1A3956D46DE8}") = "Licensing", "Licensing", "{74FD5918-A548-C7CD-9890-C226157F214B}"
EndProject
Project("{FAE04EC0-301F-11D3-BF4B-00C04F79EFBC}") = "OrbitaAI.Modules.Licensing", "src\Modules\Licensing\OrbitaAI.Modules.Licensing.csproj", "{140D84D3-9160-46FE-A0E4-7487B9C17B49}"
EndProject
Project("{2150E333-8FDC-42A3-9474-1A3956D46DE8}") = "Settings", "Settings", "{0587C5BB-3015-204D-19B6-EB01E03E48B6}"
EndProject
Project("{FAE04EC0-301F-11D3-BF4B-00C04F79EFBC}") = "OrbitaAI.Modules.Settings", "src\Modules\Settings\OrbitaAI.Modules.Settings.csproj", "{A4FE558D-89FE-4D98-9209-8815E88C89F7}"
EndProject
Project("{2150E333-8FDC-42A3-9474-1A3956D46DE8}") = "AnalyticsEngine", "AnalyticsEngine", "{AE4E0E5E-8BF6-F7B6-8798-EADCA2797889}"
EndProject
Project("{FAE04EC0-301F-11D3-BF4B-00C04F79EFBC}") = "OrbitaAI.Modules.AnalyticsEngine", "src\Modules\AnalyticsEngine\OrbitaAI.Modules.AnalyticsEngine.csproj", "{89BF3E50-AB6A-44F3-9792-74A4E6A81374}"
EndProject
Project("{2150E333-8FDC-42A3-9474-1A3956D46DE8}") = "ImportEngine", "ImportEngine", "{DD343665-25C8-DB21-5906-1F6E6289BEAE}"
EndProject
Project("{FAE04EC0-301F-11D3-BF4B-00C04F79EFBC}") = "OrbitaAI.Modules.ImportEngine", "src\Modules\ImportEngine\OrbitaAI.Modules.ImportEngine.csproj", "{8B1B1F7F-3A3D-438B-80C5-8027AC2E7256}"
EndProject
Project("{2150E333-8FDC-42A3-9474-1A3956D46DE8}") = "History", "History", "{D0502915-753D-B49A-82B8-F3CC001A7D96}"
EndProject
Project("{FAE04EC0-301F-11D3-BF4B-00C04F79EFBC}") = "OrbitaAI.Modules.History", "src\Modules\History\OrbitaAI.Modules.History.csproj", "{C8816A86-AA49-4D30-8224-745E5DF0CF25}"
EndProject
Project("{2150E333-8FDC-42A3-9474-1A3956D46DE8}") = "Audit", "Audit", "{B7504168-2F66-9EF4-E8D7-36B98062A6F8}"
EndProject
Project("{FAE04EC0-301F-11D3-BF4B-00C04F79EFBC}") = "OrbitaAI.Modules.Audit", "src\Modules\Audit\OrbitaAI.Modules.Audit.csproj", "{A1EAF36B-0020-4799-B7EC-1D0D9AFFB775}"
EndProject
Project("{2150E333-8FDC-42A3-9474-1A3956D46DE8}") = "Dashboard", "Dashboard", "{9BF2A726-9349-1429-64E4-F5B69F0CD98D}"
EndProject
Project("{FAE04EC0-301F-11D3-BF4B-00C04F79EFBC}") = "OrbitaAI.Modules.Dashboard", "src\Modules\Dashboard\OrbitaAI.Modules.Dashboard.csproj", "{BA1F318C-BB81-450D-9D8D-6F47BCC7A4F0}"
EndProject
Project("{2150E333-8FDC-42A3-9474-1A3956D46DE8}") = "ForecastEngine", "ForecastEngine", "{6EEBB200-9A50-135F-FC51-DEE0A2D0F092}"
EndProject
Project("{FAE04EC0-301F-11D3-BF4B-00C04F79EFBC}") = "OrbitaAI.Modules.ForecastEngine", "src\Modules\ForecastEngine\OrbitaAI.Modules.ForecastEngine.csproj", "{B7A48664-4EA0-4DF3-BEC1-FA231F295B87}"
EndProject
Project("{2150E333-8FDC-42A3-9474-1A3956D46DE8}") = "ExportEngine", "ExportEngine", "{3E2F1905-16EB-E5FA-98FA-A491284247A2}"
EndProject
Project("{FAE04EC0-301F-11D3-BF4B-00C04F79EFBC}") = "OrbitaAI.Modules.ExportEngine", "src\Modules\ExportEngine\OrbitaAI.Modules.ExportEngine.csproj", "{97AEBF72-F849-4FFB-8C99-4B7F8AC1973F}"
EndProject
Project("{2150E333-8FDC-42A3-9474-1A3956D46DE8}") = "NotificationCenter", "NotificationCenter", "{81DBA640-8E58-2306-3F13-D63F99834590}"
EndProject
Project("{FAE04EC0-301F-11D3-BF4B-00C04F79EFBC}") = "OrbitaAI.Modules.NotificationCenter", "src\Modules\NotificationCenter\OrbitaAI.Modules.NotificationCenter.csproj", "{02A887A4-EA3D-49FA-A4ED-AD13997D5FAE}"
EndProject
Project("{2150E333-8FDC-42A3-9474-1A3956D46DE8}") = "Orion", "Orion", "{28AB8C52-C598-F58F-6BF0-0FB0FDEB5120}"
EndProject
Project("{FAE04EC0-301F-11D3-BF4B-00C04F79EFBC}") = "OrbitaAI.Modules.Orion", "src\Modules\Orion\OrbitaAI.Modules.Orion.csproj", "{912859C0-00E0-4DCC-B7E8-392C89A476CE}"
EndProject
Project("{2150E333-8FDC-42A3-9474-1A3956D46DE8}") = "PluginSystem", "PluginSystem", "{E26049C5-E42A-8EF3-6ADC-98F5FBEDB884}"
EndProject
Project("{FAE04EC0-301F-11D3-BF4B-00C04F79EFBC}") = "OrbitaAI.Modules.PluginSystem", "src\Modules\PluginSystem\OrbitaAI.Modules.PluginSystem.csproj", "{2451FEF8-865B-4564-82C6-054522843535}"
EndProject
Project("{2150E333-8FDC-42A3-9474-1A3956D46DE8}") = "ReportingEngine", "ReportingEngine", "{E2A478FB-A16C-9FDE-F3AF-E7984B7592AA}"
EndProject
Project("{FAE04EC0-301F-11D3-BF4B-00C04F79EFBC}") = "OrbitaAI.Modules.ReportingEngine", "src\Modules\ReportingEngine\OrbitaAI.Modules.ReportingEngine.csproj", "{D52C4CD8-A39B-4189-9A39-A3A8E24EE92A}"
EndProject
Project("{2150E333-8FDC-42A3-9474-1A3956D46DE8}") = "UpdateManager", "UpdateManager", "{899891A1-9032-A6C8-A02A-8D23C89B981C}"
EndProject
Project("{FAE04EC0-301F-11D3-BF4B-00C04F79EFBC}") = "OrbitaAI.Modules.UpdateManager", "src\Modules\UpdateManager\OrbitaAI.Modules.UpdateManager.csproj", "{53741CEE-572B-4948-92E6-2AD8FE024B1B}"
EndProject
Project("{2150E333-8FDC-42A3-9474-1A3956D46DE8}") = "Host", "Host", "{981C2CF6-E5BB-602A-511C-234B538302B0}"
EndProject
Project("{FAE04EC0-301F-11D3-BF4B-00C04F79EFBC}") = "OrbitaAI.Host", "src\Host\OrbitaAI.Host.csproj", "{33674862-E33D-4E48-A9E8-094483FF290D}"
EndProject
Project("{2150E333-8FDC-42A3-9474-1A3956D46DE8}") = "tests", "tests", "{0AB3BF05-4346-4AA6-1389-037BE0695223}"
EndProject
Project("{2150E333-8FDC-42A3-9474-1A3956D46DE8}") = "UnitTests", "UnitTests", "{394A81D9-3C45-9818-BB26-23F2B85056FF}"
EndProject
Project("{FAE04EC0-301F-11D3-BF4B-00C04F79EFBC}") = "OrbitaAI.UnitTests", "tests\UnitTests\OrbitaAI.UnitTests.csproj", "{6CEF4F7E-4F0A-41CE-A5EF-57E97D995F0C}"
EndProject
Project("{2150E333-8FDC-42A3-9474-1A3956D46DE8}") = "IntegrationTests", "IntegrationTests", "{30785934-E017-5D9F-2777-3D61460A5281}"
EndProject
Project("{FAE04EC0-301F-11D3-BF4B-00C04F79EFBC}") = "OrbitaAI.IntegrationTests", "tests\IntegrationTests\OrbitaAI.IntegrationTests.csproj", "{0031B01F-87F4-4291-9DE8-58A72A1EAD98}"
EndProject
Project("{2150E333-8FDC-42A3-9474-1A3956D46DE8}") = "FunctionalTests", "FunctionalTests", "{08C9E1BB-0988-BD0B-E94F-1E38E0DB7406}"
EndProject
Project("{FAE04EC0-301F-11D3-BF4B-00C04F79EFBC}") = "OrbitaAI.FunctionalTests", "tests\FunctionalTests\OrbitaAI.FunctionalTests.csproj", "{0828932F-D6EB-416B-8BA4-324AA1DEF785}"
EndProject
Global
	GlobalSection(SolutionConfigurationPlatforms) = preSolution
		Debug|Any CPU = Debug|Any CPU
		Debug|x64 = Debug|x64
		Debug|x86 = Debug|x86
		Release|Any CPU = Release|Any CPU
		Release|x64 = Release|x64
		Release|x86 = Release|x86
	EndGlobalSection
	GlobalSection(ProjectConfigurationPlatforms) = postSolution
		{99102B32-915F-4332-9C16-4608B873D882}.Debug|Any CPU.ActiveCfg = Debug|Any CPU
		{99102B32-915F-4332-9C16-4608B873D882}.Debug|Any CPU.Build.0 = Debug|Any CPU
		{99102B32-915F-4332-9C16-4608B873D882}.Debug|x64.ActiveCfg = Debug|Any CPU
		{99102B32-915F-4332-9C16-4608B873D882}.Debug|x64.Build.0 = Debug|Any CPU
		{99102B32-915F-4332-9C16-4608B873D882}.Debug|x86.ActiveCfg = Debug|Any CPU
		{99102B32-915F-4332-9C16-4608B873D882}.Debug|x86.Build.0 = Debug|Any CPU
		{99102B32-915F-4332-9C16-4608B873D882}.Release|Any CPU.ActiveCfg = Release|Any CPU
		{99102B32-915F-4332-9C16-4608B873D882}.Release|Any CPU.Build.0 = Release|Any CPU
		{99102B32-915F-4332-9C16-4608B873D882}.Release|x64.ActiveCfg = Release|Any CPU
		{99102B32-915F-4332-9C16-4608B873D882}.Release|x64.Build.0 = Release|Any CPU
		{99102B32-915F-4332-9C16-4608B873D882}.Release|x86.ActiveCfg = Release|Any CPU
		{99102B32-915F-4332-9C16-4608B873D882}.Release|x86.Build.0 = Release|Any CPU
		{8ED33F9C-133F-4798-B1EA-241B02E369D9}.Debug|Any CPU.ActiveCfg = Debug|Any CPU
		{8ED33F9C-133F-4798-B1EA-241B02E369D9}.Debug|Any CPU.Build.0 = Debug|Any CPU
		{8ED33F9C-133F-4798-B1EA-241B02E369D9}.Debug|x64.ActiveCfg = Debug|Any CPU
		{8ED33F9C-133F-4798-B1EA-241B02E369D9}.Debug|x64.Build.0 = Debug|Any CPU
		{8ED33F9C-133F-4798-B1EA-241B02E369D9}.Debug|x86.ActiveCfg = Debug|Any CPU
		{8ED33F9C-133F-4798-B1EA-241B02E369D9}.Debug|x86.Build.0 = Debug|Any CPU
		{8ED33F9C-133F-4798-B1EA-241B02E369D9}.Release|Any CPU.ActiveCfg = Release|Any CPU
		{8ED33F9C-133F-4798-B1EA-241B02E369D9}.Release|Any CPU.Build.0 = Release|Any CPU
		{8ED33F9C-133F-4798-B1EA-241B02E369D9}.Release|x64.ActiveCfg = Release|Any CPU
		{8ED33F9C-133F-4798-B1EA-241B02E369D9}.Release|x64.Build.0 = Release|Any CPU
		{8ED33F9C-133F-4798-B1EA-241B02E369D9}.Release|x86.ActiveCfg = Release|Any CPU
		{8ED33F9C-133F-4798-B1EA-241B02E369D9}.Release|x86.Build.0 = Release|Any CPU
		{F62857C1-BB2D-40EB-8EE0-83EFACD7B90A}.Debug|Any CPU.ActiveCfg = Debug|Any CPU
		{F62857C1-BB2D-40EB-8EE0-83EFACD7B90A}.Debug|Any CPU.Build.0 = Debug|Any CPU
		{F62857C1-BB2D-40EB-8EE0-83EFACD7B90A}.Debug|x64.ActiveCfg = Debug|Any CPU
		{F62857C1-BB2D-40EB-8EE0-83EFACD7B90A}.Debug|x64.Build.0 = Debug|Any CPU
		{F62857C1-BB2D-40EB-8EE0-83EFACD7B90A}.Debug|x86.ActiveCfg = Debug|Any CPU
		{F62857C1-BB2D-40EB-8EE0-83EFACD7B90A}.Debug|x86.Build.0 = Debug|Any CPU
		{F62857C1-BB2D-40EB-8EE0-83EFACD7B90A}.Release|Any CPU.ActiveCfg = Release|Any CPU
		{F62857C1-BB2D-40EB-8EE0-83EFACD7B90A}.Release|Any CPU.Build.0 = Release|Any CPU
		{F62857C1-BB2D-40EB-8EE0-83EFACD7B90A}.Release|x64.ActiveCfg = Release|Any CPU
		{F62857C1-BB2D-40EB-8EE0-83EFACD7B90A}.Release|x64.Build.0 = Release|Any CPU
		{F62857C1-BB2D-40EB-8EE0-83EFACD7B90A}.Release|x86.ActiveCfg = Release|Any CPU
		{F62857C1-BB2D-40EB-8EE0-83EFACD7B90A}.Release|x86.Build.0 = Release|Any CPU
		{140D84D3-9160-46FE-A0E4-7487B9C17B49}.Debug|Any CPU.ActiveCfg = Debug|Any CPU
		{140D84D3-9160-46FE-A0E4-7487B9C17B49}.Debug|Any CPU.Build.0 = Debug|Any CPU
		{140D84D3-9160-46FE-A0E4-7487B9C17B49}.Debug|x64.ActiveCfg = Debug|Any CPU
		{140D84D3-9160-46FE-A0E4-7487B9C17B49}.Debug|x64.Build.0 = Debug|Any CPU
		{140D84D3-9160-46FE-A0E4-7487B9C17B49}.Debug|x86.ActiveCfg = Debug|Any CPU
		{140D84D3-9160-46FE-A0E4-7487B9C17B49}.Debug|x86.Build.0 = Debug|Any CPU
		{140D84D3-9160-46FE-A0E4-7487B9C17B49}.Release|Any CPU.ActiveCfg = Release|Any CPU
		{140D84D3-9160-46FE-A0E4-7487B9C17B49}.Release|Any CPU.Build.0 = Release|Any CPU
		{140D84D3-9160-46FE-A0E4-7487B9C17B49}.Release|x64.ActiveCfg = Release|Any CPU
		{140D84D3-9160-46FE-A0E4-7487B9C17B49}.Release|x64.Build.0 = Release|Any CPU
		{140D84D3-9160-46FE-A0E4-7487B9C17B49}.Release|x86.ActiveCfg = Release|Any CPU
		{140D84D3-9160-46FE-A0E4-7487B9C17B49}.Release|x86.Build.0 = Release|Any CPU
		{A4FE558D-89FE-4D98-9209-8815E88C89F7}.Debug|Any CPU.ActiveCfg = Debug|Any CPU
		{A4FE558D-89FE-4D98-9209-8815E88C89F7}.Debug|Any CPU.Build.0 = Debug|Any CPU
		{A4FE558D-89FE-4D98-9209-8815E88C89F7}.Debug|x64.ActiveCfg = Debug|Any CPU
		{A4FE558D-89FE-4D98-9209-8815E88C89F7}.Debug|x64.Build.0 = Debug|Any CPU
		{A4FE558D-89FE-4D98-9209-8815E88C89F7}.Debug|x86.ActiveCfg = Debug|Any CPU
		{A4FE558D-89FE-4D98-9209-8815E88C89F7}.Debug|x86.Build.0 = Debug|Any CPU
		{A4FE558D-89FE-4D98-9209-8815E88C89F7}.Release|Any CPU.ActiveCfg = Release|Any CPU
		{A4FE558D-89FE-4D98-9209-8815E88C89F7}.Release|Any CPU.Build.0 = Release|Any CPU
		{A4FE558D-89FE-4D98-9209-8815E88C89F7}.Release|x64.ActiveCfg = Release|Any CPU
		{A4FE558D-89FE-4D98-9209-8815E88C89F7}.Release|x64.Build.0 = Release|Any CPU
		{A4FE558D-89FE-4D98-9209-8815E88C89F7}.Release|x86.ActiveCfg = Release|Any CPU
		{A4FE558D-89FE-4D98-9209-8815E88C89F7}.Release|x86.Build.0 = Release|Any CPU
		{89BF3E50-AB6A-44F3-9792-74A4E6A81374}.Debug|Any CPU.ActiveCfg = Debug|Any CPU
		{89BF3E50-AB6A-44F3-9792-74A4E6A81374}.Debug|Any CPU.Build.0 = Debug|Any CPU
		{89BF3E50-AB6A-44F3-9792-74A4E6A81374}.Debug|x64.ActiveCfg = Debug|Any CPU
		{89BF3E50-AB6A-44F3-9792-74A4E6A81374}.Debug|x64.Build.0 = Debug|Any CPU
		{89BF3E50-AB6A-44F3-9792-74A4E6A81374}.Debug|x86.ActiveCfg = Debug|Any CPU
		{89BF3E50-AB6A-44F3-9792-74A4E6A81374}.Debug|x86.Build.0 = Debug|Any CPU
		{89BF3E50-AB6A-44F3-9792-74A4E6A81374}.Release|Any CPU.ActiveCfg = Release|Any CPU
		{89BF3E50-AB6A-44F3-9792-74A4E6A81374}.Release|Any CPU.Build.0 = Release|Any CPU
		{89BF3E50-AB6A-44F3-9792-74A4E6A81374}.Release|x64.ActiveCfg = Release|Any CPU
		{89BF3E50-AB6A-44F3-9792-74A4E6A81374}.Release|x64.Build.0 = Release|Any CPU
		{89BF3E50-AB6A-44F3-9792-74A4E6A81374}.Release|x86.ActiveCfg = Release|Any CPU
		{89BF3E50-AB6A-44F3-9792-74A4E6A81374}.Release|x86.Build.0 = Release|Any CPU
		{8B1B1F7F-3A3D-438B-80C5-8027AC2E7256}.Debug|Any CPU.ActiveCfg = Debug|Any CPU
		{8B1B1F7F-3A3D-438B-80C5-8027AC2E7256}.Debug|Any CPU.Build.0 = Debug|Any CPU
		{8B1B1F7F-3A3D-438B-80C5-8027AC2E7256}.Debug|x64.ActiveCfg = Debug|Any CPU
		{8B1B1F7F-3A3D-438B-80C5-8027AC2E7256}.Debug|x64.Build.0 = Debug|Any CPU
		{8B1B1F7F-3A3D-438B-80C5-8027AC2E7256}.Debug|x86.ActiveCfg = Debug|Any CPU
		{8B1B1F7F-3A3D-438B-80C5-8027AC2E7256}.Debug|x86.Build.0 = Debug|Any CPU
		{8B1B1F7F-3A3D-438B-80C5-8027AC2E7256}.Release|Any CPU.ActiveCfg = Release|Any CPU
		{8B1B1F7F-3A3D-438B-80C5-8027AC2E7256}.Release|Any CPU.Build.0 = Release|Any CPU
		{8B1B1F7F-3A3D-438B-80C5-8027AC2E7256}.Release|x64.ActiveCfg = Release|Any CPU
		{8B1B1F7F-3A3D-438B-80C5-8027AC2E7256}.Release|x64.Build.0 = Release|Any CPU
		{8B1B1F7F-3A3D-438B-80C5-8027AC2E7256}.Release|x86.ActiveCfg = Release|Any CPU
		{8B1B1F7F-3A3D-438B-80C5-8027AC2E7256}.Release|x86.Build.0 = Release|Any CPU
		{C8816A86-AA49-4D30-8224-745E5DF0CF25}.Debug|Any CPU.ActiveCfg = Debug|Any CPU
		{C8816A86-AA49-4D30-8224-745E5DF0CF25}.Debug|Any CPU.Build.0 = Debug|Any CPU
		{C8816A86-AA49-4D30-8224-745E5DF0CF25}.Debug|x64.ActiveCfg = Debug|Any CPU
		{C8816A86-AA49-4D30-8224-745E5DF0CF25}.Debug|x64.Build.0 = Debug|Any CPU
		{C8816A86-AA49-4D30-8224-745E5DF0CF25}.Debug|x86.ActiveCfg = Debug|Any CPU
		{C8816A86-AA49-4D30-8224-745E5DF0CF25}.Debug|x86.Build.0 = Debug|Any CPU
		{C8816A86-AA49-4D30-8224-745E5DF0CF25}.Release|Any CPU.ActiveCfg = Release|Any CPU
		{C8816A86-AA49-4D30-8224-745E5DF0CF25}.Release|Any CPU.Build.0 = Release|Any CPU
		{C8816A86-AA49-4D30-8224-745E5DF0CF25}.Release|x64.ActiveCfg = Release|Any CPU
		{C8816A86-AA49-4D30-8224-745E5DF0CF25}.Release|x64.Build.0 = Release|Any CPU
		{C8816A86-AA49-4D30-8224-745E5DF0CF25}.Release|x86.ActiveCfg = Release|Any CPU
		{C8816A86-AA49-4D30-8224-745E5DF0CF25}.Release|x86.Build.0 = Release|Any CPU
		{A1EAF36B-0020-4799-B7EC-1D0D9AFFB775}.Debug|Any CPU.ActiveCfg = Debug|Any CPU
		{A1EAF36B-0020-4799-B7EC-1D0D9AFFB775}.Debug|Any CPU.Build.0 = Debug|Any CPU
		{A1EAF36B-0020-4799-B7EC-1D0D9AFFB775}.Debug|x64.ActiveCfg = Debug|Any CPU
		{A1EAF36B-0020-4799-B7EC-1D0D9AFFB775}.Debug|x64.Build.0 = Debug|Any CPU
		{A1EAF36B-0020-4799-B7EC-1D0D9AFFB775}.Debug|x86.ActiveCfg = Debug|Any CPU
		{A1EAF36B-0020-4799-B7EC-1D0D9AFFB775}.Debug|x86.Build.0 = Debug|Any CPU
		{A1EAF36B-0020-4799-B7EC-1D0D9AFFB775}.Release|Any CPU.ActiveCfg = Release|Any CPU
		{A1EAF36B-0020-4799-B7EC-1D0D9AFFB775}.Release|Any CPU.Build.0 = Release|Any CPU
		{A1EAF36B-0020-4799-B7EC-1D0D9AFFB775}.Release|x64.ActiveCfg = Release|Any CPU
		{A1EAF36B-0020-4799-B7EC-1D0D9AFFB775}.Release|x64.Build.0 = Release|Any CPU
		{A1EAF36B-0020-4799-B7EC-1D0D9AFFB775}.Release|x86.ActiveCfg = Release|Any CPU
		{A1EAF36B-0020-4799-B7EC-1D0D9AFFB775}.Release|x86.Build.0 = Release|Any CPU
		{BA1F318C-BB81-450D-9D8D-6F47BCC7A4F0}.Debug|Any CPU.ActiveCfg = Debug|Any CPU
		{BA1F318C-BB81-450D-9D8D-6F47BCC7A4F0}.Debug|Any CPU.Build.0 = Debug|Any CPU
		{BA1F318C-BB81-450D-9D8D-6F47BCC7A4F0}.Debug|x64.ActiveCfg = Debug|Any CPU
		{BA1F318C-BB81-450D-9D8D-6F47BCC7A4F0}.Debug|x64.Build.0 = Debug|Any CPU
		{BA1F318C-BB81-450D-9D8D-6F47BCC7A4F0}.Debug|x86.ActiveCfg = Debug|Any CPU
		{BA1F318C-BB81-450D-9D8D-6F47BCC7A4F0}.Debug|x86.Build.0 = Debug|Any CPU
		{BA1F318C-BB81-450D-9D8D-6F47BCC7A4F0}.Release|Any CPU.ActiveCfg = Release|Any CPU
		{BA1F318C-BB81-450D-9D8D-6F47BCC7A4F0}.Release|Any CPU.Build.0 = Release|Any CPU
		{BA1F318C-BB81-450D-9D8D-6F47BCC7A4F0}.Release|x64.ActiveCfg = Release|Any CPU
		{BA1F318C-BB81-450D-9D8D-6F47BCC7A4F0}.Release|x64.Build.0 = Release|Any CPU
		{BA1F318C-BB81-450D-9D8D-6F47BCC7A4F0}.Release|x86.ActiveCfg = Release|Any CPU
		{BA1F318C-BB81-450D-9D8D-6F47BCC7A4F0}.Release|x86.Build.0 = Release|Any CPU
		{B7A48664-4EA0-4DF3-BEC1-FA231F295B87}.Debug|Any CPU.ActiveCfg = Debug|Any CPU
		{B7A48664-4EA0-4DF3-BEC1-FA231F295B87}.Debug|Any CPU.Build.0 = Debug|Any CPU
		{B7A48664-4EA0-4DF3-BEC1-FA231F295B87}.Debug|x64.ActiveCfg = Debug|Any CPU
		{B7A48664-4EA0-4DF3-BEC1-FA231F295B87}.Debug|x64.Build.0 = Debug|Any CPU
		{B7A48664-4EA0-4DF3-BEC1-FA231F295B87}.Debug|x86.ActiveCfg = Debug|Any CPU
		{B7A48664-4EA0-4DF3-BEC1-FA231F295B87}.Debug|x86.Build.0 = Debug|Any CPU
		{B7A48664-4EA0-4DF3-BEC1-FA231F295B87}.Release|Any CPU.ActiveCfg = Release|Any CPU
		{B7A48664-4EA0-4DF3-BEC1-FA231F295B87}.Release|Any CPU.Build.0 = Release|Any CPU
		{B7A48664-4EA0-4DF3-BEC1-FA231F295B87}.Release|x64.ActiveCfg = Release|Any CPU
		{B7A48664-4EA0-4DF3-BEC1-FA231F295B87}.Release|x64.Build.0 = Release|Any CPU
		{B7A48664-4EA0-4DF3-BEC1-FA231F295B87}.Release|x86.ActiveCfg = Release|Any CPU
		{B7A48664-4EA0-4DF3-BEC1-FA231F295B87}.Release|x86.Build.0 = Release|Any CPU
		{97AEBF72-F849-4FFB-8C99-4B7F8AC1973F}.Debug|Any CPU.ActiveCfg = Debug|Any CPU
		{97AEBF72-F849-4FFB-8C99-4B7F8AC1973F}.Debug|Any CPU.Build.0 = Debug|Any CPU
		{97AEBF72-F849-4FFB-8C99-4B7F8AC1973F}.Debug|x64.ActiveCfg = Debug|Any CPU
		{97AEBF72-F849-4FFB-8C99-4B7F8AC1973F}.Debug|x64.Build.0 = Debug|Any CPU
		{97AEBF72-F849-4FFB-8C99-4B7F8AC1973F}.Debug|x86.ActiveCfg = Debug|Any CPU
		{97AEBF72-F849-4FFB-8C99-4B7F8AC1973F}.Debug|x86.Build.0 = Debug|Any CPU
		{97AEBF72-F849-4FFB-8C99-4B7F8AC1973F}.Release|Any CPU.ActiveCfg = Release|Any CPU
		{97AEBF72-F849-4FFB-8C99-4B7F8AC1973F}.Release|Any CPU.Build.0 = Release|Any CPU
		{97AEBF72-F849-4FFB-8C99-4B7F8AC1973F}.Release|x64.ActiveCfg = Release|Any CPU
		{97AEBF72-F849-4FFB-8C99-4B7F8AC1973F}.Release|x64.Build.0 = Release|Any CPU
		{97AEBF72-F849-4FFB-8C99-4B7F8AC1973F}.Release|x86.ActiveCfg = Release|Any CPU
		{97AEBF72-F849-4FFB-8C99-4B7F8AC1973F}.Release|x86.Build.0 = Release|Any CPU
		{02A887A4-EA3D-49FA-A4ED-AD13997D5FAE}.Debug|Any CPU.ActiveCfg = Debug|Any CPU
		{02A887A4-EA3D-49FA-A4ED-AD13997D5FAE}.Debug|Any CPU.Build.0 = Debug|Any CPU
		{02A887A4-EA3D-49FA-A4ED-AD13997D5FAE}.Debug|x64.ActiveCfg = Debug|Any CPU
		{02A887A4-EA3D-49FA-A4ED-AD13997D5FAE}.Debug|x64.Build.0 = Debug|Any CPU
		{02A887A4-EA3D-49FA-A4ED-AD13997D5FAE}.Debug|x86.ActiveCfg = Debug|Any CPU
		{02A887A4-EA3D-49FA-A4ED-AD13997D5FAE}.Debug|x86.Build.0 = Debug|Any CPU
		{02A887A4-EA3D-49FA-A4ED-AD13997D5FAE}.Release|Any CPU.ActiveCfg = Release|Any CPU
		{02A887A4-EA3D-49FA-A4ED-AD13997D5FAE}.Release|Any CPU.Build.0 = Release|Any CPU
		{02A887A4-EA3D-49FA-A4ED-AD13997D5FAE}.Release|x64.ActiveCfg = Release|Any CPU
		{02A887A4-EA3D-49FA-A4ED-AD13997D5FAE}.Release|x64.Build.0 = Release|Any CPU
		{02A887A4-EA3D-49FA-A4ED-AD13997D5FAE}.Release|x86.ActiveCfg = Release|Any CPU
		{02A887A4-EA3D-49FA-A4ED-AD13997D5FAE}.Release|x86.Build.0 = Release|Any CPU
		{912859C0-00E0-4DCC-B7E8-392C89A476CE}.Debug|Any CPU.ActiveCfg = Debug|Any CPU
		{912859C0-00E0-4DCC-B7E8-392C89A476CE}.Debug|Any CPU.Build.0 = Debug|Any CPU
		{912859C0-00E0-4DCC-B7E8-392C89A476CE}.Debug|x64.ActiveCfg = Debug|Any CPU
		{912859C0-00E0-4DCC-B7E8-392C89A476CE}.Debug|x64.Build.0 = Debug|Any CPU
		{912859C0-00E0-4DCC-B7E8-392C89A476CE}.Debug|x86.ActiveCfg = Debug|Any CPU
		{912859C0-00E0-4DCC-B7E8-392C89A476CE}.Debug|x86.Build.0 = Debug|Any CPU
		{912859C0-00E0-4DCC-B7E8-392C89A476CE}.Release|Any CPU.ActiveCfg = Release|Any CPU
		{912859C0-00E0-4DCC-B7E8-392C89A476CE}.Release|Any CPU.Build.0 = Release|Any CPU
		{912859C0-00E0-4DCC-B7E8-392C89A476CE}.Release|x64.ActiveCfg = Release|Any CPU
		{912859C0-00E0-4DCC-B7E8-392C89A476CE}.Release|x64.Build.0 = Release|Any CPU
		{912859C0-00E0-4DCC-B7E8-392C89A476CE}.Release|x86.ActiveCfg = Release|Any CPU
		{912859C0-00E0-4DCC-B7E8-392C89A476CE}.Release|x86.Build.0 = Release|Any CPU
		{2451FEF8-865B-4564-82C6-054522843535}.Debug|Any CPU.ActiveCfg = Debug|Any CPU
		{2451FEF8-865B-4564-82C6-054522843535}.Debug|Any CPU.Build.0 = Debug|Any CPU
		{2451FEF8-865B-4564-82C6-054522843535}.Debug|x64.ActiveCfg = Debug|Any CPU
		{2451FEF8-865B-4564-82C6-054522843535}.Debug|x64.Build.0 = Debug|Any CPU
		{2451FEF8-865B-4564-82C6-054522843535}.Debug|x86.ActiveCfg = Debug|Any CPU
		{2451FEF8-865B-4564-82C6-054522843535}.Debug|x86.Build.0 = Debug|Any CPU
		{2451FEF8-865B-4564-82C6-054522843535}.Release|Any CPU.ActiveCfg = Release|Any CPU
		{2451FEF8-865B-4564-82C6-054522843535}.Release|Any CPU.Build.0 = Release|Any CPU
		{2451FEF8-865B-4564-82C6-054522843535}.Release|x64.ActiveCfg = Release|Any CPU
		{2451FEF8-865B-4564-82C6-054522843535}.Release|x64.Build.0 = Release|Any CPU
		{2451FEF8-865B-4564-82C6-054522843535}.Release|x86.ActiveCfg = Release|Any CPU
		{2451FEF8-865B-4564-82C6-054522843535}.Release|x86.Build.0 = Release|Any CPU
		{D52C4CD8-A39B-4189-9A39-A3A8E24EE92A}.Debug|Any CPU.ActiveCfg = Debug|Any CPU
		{D52C4CD8-A39B-4189-9A39-A3A8E24EE92A}.Debug|Any CPU.Build.0 = Debug|Any CPU
		{D52C4CD8-A39B-4189-9A39-A3A8E24EE92A}.Debug|x64.ActiveCfg = Debug|Any CPU
		{D52C4CD8-A39B-4189-9A39-A3A8E24EE92A}.Debug|x64.Build.0 = Debug|Any CPU
		{D52C4CD8-A39B-4189-9A39-A3A8E24EE92A}.Debug|x86.ActiveCfg = Debug|Any CPU
		{D52C4CD8-A39B-4189-9A39-A3A8E24EE92A}.Debug|x86.Build.0 = Debug|Any CPU
		{D52C4CD8-A39B-4189-9A39-A3A8E24EE92A}.Release|Any CPU.ActiveCfg = Release|Any CPU
		{D52C4CD8-A39B-4189-9A39-A3A8E24EE92A}.Release|Any CPU.Build.0 = Release|Any CPU
		{D52C4CD8-A39B-4189-9A39-A3A8E24EE92A}.Release|x64.ActiveCfg = Release|Any CPU
		{D52C4CD8-A39B-4189-9A39-A3A8E24EE92A}.Release|x64.Build.0 = Release|Any CPU
		{D52C4CD8-A39B-4189-9A39-A3A8E24EE92A}.Release|x86.ActiveCfg = Release|Any CPU
		{D52C4CD8-A39B-4189-9A39-A3A8E24EE92A}.Release|x86.Build.0 = Release|Any CPU
		{53741CEE-572B-4948-92E6-2AD8FE024B1B}.Debug|Any CPU.ActiveCfg = Debug|Any CPU
		{53741CEE-572B-4948-92E6-2AD8FE024B1B}.Debug|Any CPU.Build.0 = Debug|Any CPU
		{53741CEE-572B-4948-92E6-2AD8FE024B1B}.Debug|x64.ActiveCfg = Debug|Any CPU
		{53741CEE-572B-4948-92E6-2AD8FE024B1B}.Debug|x64.Build.0 = Debug|Any CPU
		{53741CEE-572B-4948-92E6-2AD8FE024B1B}.Debug|x86.ActiveCfg = Debug|Any CPU
		{53741CEE-572B-4948-92E6-2AD8FE024B1B}.Debug|x86.Build.0 = Debug|Any CPU
		{53741CEE-572B-4948-92E6-2AD8FE024B1B}.Release|Any CPU.ActiveCfg = Release|Any CPU
		{53741CEE-572B-4948-92E6-2AD8FE024B1B}.Release|Any CPU.Build.0 = Release|Any CPU
		{53741CEE-572B-4948-92E6-2AD8FE024B1B}.Release|x64.ActiveCfg = Release|Any CPU
		{53741CEE-572B-4948-92E6-2AD8FE024B1B}.Release|x64.Build.0 = Release|Any CPU
		{53741CEE-572B-4948-92E6-2AD8FE024B1B}.Release|x86.ActiveCfg = Release|Any CPU
		{53741CEE-572B-4948-92E6-2AD8FE024B1B}.Release|x86.Build.0 = Release|Any CPU
		{33674862-E33D-4E48-A9E8-094483FF290D}.Debug|Any CPU.ActiveCfg = Debug|Any CPU
		{33674862-E33D-4E48-A9E8-094483FF290D}.Debug|Any CPU.Build.0 = Debug|Any CPU
		{33674862-E33D-4E48-A9E8-094483FF290D}.Debug|x64.ActiveCfg = Debug|Any CPU
		{33674862-E33D-4E48-A9E8-094483FF290D}.Debug|x64.Build.0 = Debug|Any CPU
		{33674862-E33D-4E48-A9E8-094483FF290D}.Debug|x86.ActiveCfg = Debug|Any CPU
		{33674862-E33D-4E48-A9E8-094483FF290D}.Debug|x86.Build.0 = Debug|Any CPU
		{33674862-E33D-4E48-A9E8-094483FF290D}.Release|Any CPU.ActiveCfg = Release|Any CPU
		{33674862-E33D-4E48-A9E8-094483FF290D}.Release|Any CPU.Build.0 = Release|Any CPU
		{33674862-E33D-4E48-A9E8-094483FF290D}.Release|x64.ActiveCfg = Release|Any CPU
		{33674862-E33D-4E48-A9E8-094483FF290D}.Release|x64.Build.0 = Release|Any CPU
		{33674862-E33D-4E48-A9E8-094483FF290D}.Release|x86.ActiveCfg = Release|Any CPU
		{33674862-E33D-4E48-A9E8-094483FF290D}.Release|x86.Build.0 = Release|Any CPU
		{6CEF4F7E-4F0A-41CE-A5EF-57E97D995F0C}.Debug|Any CPU.ActiveCfg = Debug|Any CPU
		{6CEF4F7E-4F0A-41CE-A5EF-57E97D995F0C}.Debug|Any CPU.Build.0 = Debug|Any CPU
		{6CEF4F7E-4F0A-41CE-A5EF-57E97D995F0C}.Debug|x64.ActiveCfg = Debug|Any CPU
		{6CEF4F7E-4F0A-41CE-A5EF-57E97D995F0C}.Debug|x64.Build.0 = Debug|Any CPU
		{6CEF4F7E-4F0A-41CE-A5EF-57E97D995F0C}.Debug|x86.ActiveCfg = Debug|Any CPU
		{6CEF4F7E-4F0A-41CE-A5EF-57E97D995F0C}.Debug|x86.Build.0 = Debug|Any CPU
		{6CEF4F7E-4F0A-41CE-A5EF-57E97D995F0C}.Release|Any CPU.ActiveCfg = Release|Any CPU
		{6CEF4F7E-4F0A-41CE-A5EF-57E97D995F0C}.Release|Any CPU.Build.0 = Release|Any CPU
		{6CEF4F7E-4F0A-41CE-A5EF-57E97D995F0C}.Release|x64.ActiveCfg = Release|Any CPU
		{6CEF4F7E-4F0A-41CE-A5EF-57E97D995F0C}.Release|x64.Build.0 = Release|Any CPU
		{6CEF4F7E-4F0A-41CE-A5EF-57E97D995F0C}.Release|x86.ActiveCfg = Release|Any CPU
		{6CEF4F7E-4F0A-41CE-A5EF-57E97D995F0C}.Release|x86.Build.0 = Release|Any CPU
		{0031B01F-87F4-4291-9DE8-58A72A1EAD98}.Debug|Any CPU.ActiveCfg = Debug|Any CPU
		{0031B01F-87F4-4291-9DE8-58A72A1EAD98}.Debug|Any CPU.Build.0 = Debug|Any CPU
		{0031B01F-87F4-4291-9DE8-58A72A1EAD98}.Debug|x64.ActiveCfg = Debug|Any CPU
		{0031B01F-87F4-4291-9DE8-58A72A1EAD98}.Debug|x64.Build.0 = Debug|Any CPU
		{0031B01F-87F4-4291-9DE8-58A72A1EAD98}.Debug|x86.ActiveCfg = Debug|Any CPU
		{0031B01F-87F4-4291-9DE8-58A72A1EAD98}.Debug|x86.Build.0 = Debug|Any CPU
		{0031B01F-87F4-4291-9DE8-58A72A1EAD98}.Release|Any CPU.ActiveCfg = Release|Any CPU
		{0031B01F-87F4-4291-9DE8-58A72A1EAD98}.Release|Any CPU.Build.0 = Release|Any CPU
		{0031B01F-87F4-4291-9DE8-58A72A1EAD98}.Release|x64.ActiveCfg = Release|Any CPU
		{0031B01F-87F4-4291-9DE8-58A72A1EAD98}.Release|x64.Build.0 = Release|Any CPU
		{0031B01F-87F4-4291-9DE8-58A72A1EAD98}.Release|x86.ActiveCfg = Release|Any CPU
		{0031B01F-87F4-4291-9DE8-58A72A1EAD98}.Release|x86.Build.0 = Release|Any CPU
		{0828932F-D6EB-416B-8BA4-324AA1DEF785}.Debug|Any CPU.ActiveCfg = Debug|Any CPU
		{0828932F-D6EB-416B-8BA4-324AA1DEF785}.Debug|Any CPU.Build.0 = Debug|Any CPU
		{0828932F-D6EB-416B-8BA4-324AA1DEF785}.Debug|x64.ActiveCfg = Debug|Any CPU
		{0828932F-D6EB-416B-8BA4-324AA1DEF785}.Debug|x64.Build.0 = Debug|Any CPU
		{0828932F-D6EB-416B-8BA4-324AA1DEF785}.Debug|x86.ActiveCfg = Debug|Any CPU
		{0828932F-D6EB-416B-8BA4-324AA1DEF785}.Debug|x86.Build.0 = Debug|Any CPU
		{0828932F-D6EB-416B-8BA4-324AA1DEF785}.Release|Any CPU.ActiveCfg = Release|Any CPU
		{0828932F-D6EB-416B-8BA4-324AA1DEF785}.Release|Any CPU.Build.0 = Release|Any CPU
		{0828932F-D6EB-416B-8BA4-324AA1DEF785}.Release|x64.ActiveCfg = Release|Any CPU
		{0828932F-D6EB-416B-8BA4-324AA1DEF785}.Release|x64.Build.0 = Release|Any CPU
		{0828932F-D6EB-416B-8BA4-324AA1DEF785}.Release|x86.ActiveCfg = Release|Any CPU
		{0828932F-D6EB-416B-8BA4-324AA1DEF785}.Release|x86.Build.0 = Release|Any CPU
	EndGlobalSection
	GlobalSection(SolutionProperties) = preSolution
		HideSolutionNode = FALSE
	EndGlobalSection
	GlobalSection(NestedProjects) = preSolution
		{8D626EA8-CB54-BC41-363A-217881BEBA6E} = {827E0CD3-B72D-47B6-A68D-7590B98EB39B}
		{99102B32-915F-4332-9C16-4608B873D882} = {8D626EA8-CB54-BC41-363A-217881BEBA6E}
		{EC447DCF-ABFA-6E24-52A5-D7FD48A5C558} = {827E0CD3-B72D-47B6-A68D-7590B98EB39B}
		{CBFC7D09-D20A-3BD9-57E9-57A87E6AFCC2} = {EC447DCF-ABFA-6E24-52A5-D7FD48A5C558}
		{8ED33F9C-133F-4798-B1EA-241B02E369D9} = {CBFC7D09-D20A-3BD9-57E9-57A87E6AFCC2}
		{282EE0EF-0719-FA39-321C-A995029F2B89} = {EC447DCF-ABFA-6E24-52A5-D7FD48A5C558}
		{F62857C1-BB2D-40EB-8EE0-83EFACD7B90A} = {282EE0EF-0719-FA39-321C-A995029F2B89}
		{74FD5918-A548-C7CD-9890-C226157F214B} = {EC447DCF-ABFA-6E24-52A5-D7FD48A5C558}
		{140D84D3-9160-46FE-A0E4-7487B9C17B49} = {74FD5918-A548-C7CD-9890-C226157F214B}
		{0587C5BB-3015-204D-19B6-EB01E03E48B6} = {EC447DCF-ABFA-6E24-52A5-D7FD48A5C558}
		{A4FE558D-89FE-4D98-9209-8815E88C89F7} = {0587C5BB-3015-204D-19B6-EB01E03E48B6}
		{AE4E0E5E-8BF6-F7B6-8798-EADCA2797889} = {EC447DCF-ABFA-6E24-52A5-D7FD48A5C558}
		{89BF3E50-AB6A-44F3-9792-74A4E6A81374} = {AE4E0E5E-8BF6-F7B6-8798-EADCA2797889}
		{DD343665-25C8-DB21-5906-1F6E6289BEAE} = {EC447DCF-ABFA-6E24-52A5-D7FD48A5C558}
		{8B1B1F7F-3A3D-438B-80C5-8027AC2E7256} = {DD343665-25C8-DB21-5906-1F6E6289BEAE}
		{D0502915-753D-B49A-82B8-F3CC001A7D96} = {EC447DCF-ABFA-6E24-52A5-D7FD48A5C558}
		{C8816A86-AA49-4D30-8224-745E5DF0CF25} = {D0502915-753D-B49A-82B8-F3CC001A7D96}
		{B7504168-2F66-9EF4-E8D7-36B98062A6F8} = {EC447DCF-ABFA-6E24-52A5-D7FD48A5C558}
		{A1EAF36B-0020-4799-B7EC-1D0D9AFFB775} = {B7504168-2F66-9EF4-E8D7-36B98062A6F8}
		{9BF2A726-9349-1429-64E4-F5B69F0CD98D} = {EC447DCF-ABFA-6E24-52A5-D7FD48A5C558}
		{BA1F318C-BB81-450D-9D8D-6F47BCC7A4F0} = {9BF2A726-9349-1429-64E4-F5B69F0CD98D}
		{6EEBB200-9A50-135F-FC51-DEE0A2D0F092} = {EC447DCF-ABFA-6E24-52A5-D7FD48A5C558}
		{B7A48664-4EA0-4DF3-BEC1-FA231F295B87} = {6EEBB200-9A50-135F-FC51-DEE0A2D0F092}
		{3E2F1905-16EB-E5FA-98FA-A491284247A2} = {EC447DCF-ABFA-6E24-52A5-D7FD48A5C558}
		{97AEBF72-F849-4FFB-8C99-4B7F8AC1973F} = {3E2F1905-16EB-E5FA-98FA-A491284247A2}
		{81DBA640-8E58-2306-3F13-D63F99834590} = {EC447DCF-ABFA-6E24-52A5-D7FD48A5C558}
		{02A887A4-EA3D-49FA-A4ED-AD13997D5FAE} = {81DBA640-8E58-2306-3F13-D63F99834590}
		{28AB8C52-C598-F58F-6BF0-0FB0FDEB5120} = {EC447DCF-ABFA-6E24-52A5-D7FD48A5C558}
		{912859C0-00E0-4DCC-B7E8-392C89A476CE} = {28AB8C52-C598-F58F-6BF0-0FB0FDEB5120}
		{E26049C5-E42A-8EF3-6ADC-98F5FBEDB884} = {EC447DCF-ABFA-6E24-52A5-D7FD48A5C558}
		{2451FEF8-865B-4564-82C6-054522843535} = {E26049C5-E42A-8EF3-6ADC-98F5FBEDB884}
		{E2A478FB-A16C-9FDE-F3AF-E7984B7592AA} = {EC447DCF-ABFA-6E24-52A5-D7FD48A5C558}
		{D52C4CD8-A39B-4189-9A39-A3A8E24EE92A} = {E2A478FB-A16C-9FDE-F3AF-E7984B7592AA}
		{899891A1-9032-A6C8-A02A-8D23C89B981C} = {EC447DCF-ABFA-6E24-52A5-D7FD48A5C558}
		{53741CEE-572B-4948-92E6-2AD8FE024B1B} = {899891A1-9032-A6C8-A02A-8D23C89B981C}
		{981C2CF6-E5BB-602A-511C-234B538302B0} = {827E0CD3-B72D-47B6-A68D-7590B98EB39B}
		{33674862-E33D-4E48-A9E8-094483FF290D} = {981C2CF6-E5BB-602A-511C-234B538302B0}
		{394A81D9-3C45-9818-BB26-23F2B85056FF} = {0AB3BF05-4346-4AA6-1389-037BE0695223}
		{6CEF4F7E-4F0A-41CE-A5EF-57E97D995F0C} = {394A81D9-3C45-9818-BB26-23F2B85056FF}
		{30785934-E017-5D9F-2777-3D61460A5281} = {0AB3BF05-4346-4AA6-1389-037BE0695223}
		{0031B01F-87F4-4291-9DE8-58A72A1EAD98} = {30785934-E017-5D9F-2777-3D61460A5281}
		{08C9E1BB-0988-BD0B-E94F-1E38E0DB7406} = {0AB3BF05-4346-4AA6-1389-037BE0695223}
		{0828932F-D6EB-416B-8BA4-324AA1DEF785} = {08C9E1BB-0988-BD0B-E94F-1E38E0DB7406}
	EndGlobalSection
EndGlobal
